
Microsoft Visual Studio Solution File, Format Version 12.00
# Visual Studio Version 17
VisualStudioVersion = 17.0.32112.339
MinimumVisualStudioVersion = 10.0.40219.1
Project("{FAE04EC0-301F-11D3-BF4B-00C04F79EFBC}") = "ProjetTests", "ProjetTests\ProjetTests.csproj", "{38E003C0-AF62-492C-BA1B-FB6388A024C6}"
EndProject
Project("{FAE04EC0-301F-11D3-BF4B-00C04F79EFBC}") = "ProjetTests.Tests", "ProjetTests.Tests\ProjetTests.Tests.csproj", "{D30609AF-9EB8-43FE-84C5-64FB98C87177}"
EndProject
Global
	GlobalSection(SolutionConfigurationPlatforms) = preSolution
		Debug|Any CPU = Debug|Any CPU
		Release|Any CPU = Release|Any CPU
	EndGlobalSection
	GlobalSection(ProjectConfigurationPlatforms) = postSolution
		{38E003C0-AF62-492C-BA1B-FB6388A024C6}.Debug|Any CPU.ActiveCfg = Debug|Any CPU
		{38E003C0-AF62-492C-BA1B-FB6388A024C6}.Debug|Any CPU.Build.0 = Debug|Any CPU
		{38E003C0-AF62-492C-BA1B-FB6388A024C6}.Release|Any CPU.ActiveCfg = Release|Any CPU
		{38E003C0-AF62-492C-BA1B-FB6388A024C6}.Release|Any CPU.Build.0 = Release|Any CPU
		{D30609AF-9EB8-43FE-84C5-64FB98C87177}.Debug|Any CPU.ActiveCfg = Debug|Any CPU
		{D30609AF-9EB8-43FE-84C5-64FB98C87177}.Debug|Any CPU.Build.0 = Debug|Any CPU
		{D30609AF-9EB8-43FE-84C5-64FB98C87177}.Release|Any CPU.ActiveCfg = Release|Any CPU
		{D30609AF-9EB8-43FE-84C5-64FB98C87177}.Release|Any CPU.Build.0 = Release|Any CPU
	EndGlobalSection
	GlobalSection(SolutionProperties) = preSolution
		HideSolutionNode = FALSE
	EndGlobalSection
	GlobalSection(ExtensibilityGlobals) = postSolution
		SolutionGuid = {8A2BEB51-B2D9-4D9F-81D1-E58F03B1670F}
	EndGlobalSection
EndGlobal
